// !$*UTF8*$!
{
	archiveVersion = 1;
	classes = {
	};
	objectVersion = 46;
	objects = {

/* Begin PBXBuildFile section */
		67D8891F1AFEBFC800656A2B /* main.cpp in Sources */ = {isa = PBXBuildFile; fileRef = 67D8891E1AFEBFC800656A2B /* main.cpp */; };
		67D889261AFEBFD400656A2B /* OpenGL.framework in Frameworks */ = {isa = PBXBuildFile; fileRef = 67D889251AFEBFD400656A2B /* OpenGL.framework */; };
		67D889281AFEBFD800656A2B /* GLUT.framework in Frameworks */ = {isa = PBXBuildFile; fileRef = 67D889271AFEBFD800656A2B /* GLUT.framework */; };
/* End PBXBuildFile section */

/* Begin PBXCopyFilesBuildPhase section */
		67D889191AFEBFC800656A2B /* CopyFiles */ = {
			isa = PBXCopyFilesBuildPhase;
			buildActionMask = 2147483647;
			dstPath = /usr/share/man/man1/;
			dstSubfolderSpec = 0;
			files = (
			);
			runOnlyForDeploymentPostprocessing = 1;
		};
/* End PBXCopyFilesBuildPhase section */

/* Begin PBXFileReference section */
		67B958191AFF824F00F05CAC /* main */ = {isa = PBXFileReference; fileEncoding = 4; lastKnownFileType = text; name = main; path = ../../../../Dropbox/main; sourceTree = "<group>"; };
		67D8891B1AFEBFC800656A2B /* JumpyRoad */ = {isa = PBXFileReference; explicitFileType = "compiled.mach-o.executable"; includeInIndex = 0; path = JumpyRoad; sourceTree = BUILT_PRODUCTS_DIR; };
		67D8891E1AFEBFC800656A2B /* main.cpp */ = {isa = PBXFileReference; lastKnownFileType = sourcecode.cpp.cpp; path = main.cpp; sourceTree = "<group>"; usesTabs = 0; };
		67D889251AFEBFD400656A2B /* OpenGL.framework */ = {isa = PBXFileReference; lastKnownFileType = wrapper.framework; name = OpenGL.framework; path = System/Library/Frameworks/OpenGL.framework; sourceTree = SDKROOT; };
		67D889271AFEBFD800656A2B /* GLUT.framework */ = {isa = PBXFileReference; lastKnownFileType = wrapper.framework; name = GLUT.framework; path = System/Library/Frameworks/GLUT.framework; sourceTree = SDKROOT; };
/* End PBXFileReference section */

/* Begin PBXFrameworksBuildPhase section */
		67D889181AFEBFC800656A2B /* Frameworks */ = {
			isa = PBXFrameworksBuildPhase;
			buildActionMask = 2147483647;
			files = (
				67D889281AFEBFD800656A2B /* GLUT.framework in Frameworks */,
				67D889261AFEBFD400656A2B /* OpenGL.framework in Frameworks */,
			);
			runOnlyForDeploymentPostprocessing = 0;
		};
/* End PBXFrameworksBuildPhase section */

/* Begin PBXGroup section */
		67D889121AFEBFC700656A2B = {
			isa = PBXGroup;
			children = (
				67D889271AFEBFD800656A2B /* GLUT.framework */,
				67D889251AFEBFD400656A2B /* OpenGL.framework */,
				67D8891D1AFEBFC800656A2B /* JumpyRoad */,
				67D8891C1AFEBFC800656A2B /* Products */,
			);
			sourceTree = "<group>";
		};
		67D8891C1AFEBFC800656A2B /* Products */ = {
			isa = PBXGroup;
			children = (
				67D8891B1AFEBFC800656A2B /* JumpyRoad */,
			);
			name = Products;
			sourceTree = "<group>";
		};
		67D8891D1AFEBFC800656A2B /* JumpyRoad */ = {
			isa = PBXGroup;
			children = (
				67D8891E1AFEBFC800656A2B /* main.cpp */,
				67B958191AFF824F00F05CAC /* main */,
			);
			path = JumpyRoad;
			sourceTree = "<group>";
		};
/* End PBXGroup section */

/* Begin PBXNativeTarget section */
		67D8891A1AFEBFC800656A2B /* JumpyRoad */ = {
			isa = PBXNativeTarget;
			buildConfigurationList = 67D889221AFEBFC800656A2B /* Build configuration list for PBXNativeTarget "JumpyRoad" */;
			buildPhases = (
				67D889171AFEBFC800656A2B /* Sources */,
				67D889181AFEBFC800656A2B /* Frameworks */,
				67D889191AFEBFC800656A2B /* CopyFiles */,
			);
			buildRules = (
			);
			dependencies = (
			);
			name = JumpyRoad;
			productName = JumpyRoad;
			productReference = 67D8891B1AFEBFC800656A2B /* JumpyRoad */;
			productType = "com.apple.product-type.tool";
		};
/* End PBXNativeTarget section */

/* Begin PBXProject section */
		67D889131AFEBFC700656A2B /* Project object */ = {
			isa = PBXProject;
			attributes = {
				LastUpgradeCheck = 0610;
				ORGANIZATIONNAME = "Miles Luders";
				TargetAttributes = {
					67D8891A1AFEBFC800656A2B = {
						CreatedOnToolsVersion = 6.1;
					};
				};
			};
			buildConfigurationList = 67D889161AFEBFC700656A2B /* Build configuration list for PBXProject "JumpyRoad" */;
			compatibilityVersion = "Xcode 3.2";
			developmentRegion = English;
			hasScannedForEncodings = 0;
			knownRegions = (
				en,
			);
			mainGroup = 67D889121AFEBFC700656A2B;
			productRefGroup = 67D8891C1AFEBFC800656A2B /* Products */;
			projectDirPath = "";
			projectRoot = "";
			targets = (
				67D8891A1AFEBFC800656A2B /* JumpyRoad */,
			);
		};
/* End PBXProject section */

/* Begin PBXSourcesBuildPhase section */
		67D889171AFEBFC800656A2B /* Sources */ = {
			isa = PBXSourcesBuildPhase;
			buildActionMask = 2147483647;
			files = (
				67D8891F1AFEBFC800656A2B /* main.cpp in Sources */,
			);
			runOnlyForDeploymentPostprocessing = 0;
		};
/* End PBXSourcesBuildPhase section */

/* Begin XCBuildConfiguration section */
		67D889201AFEBFC800656A2B /* Debug */ = {
			isa = XCBuildConfiguration;
			buildSettings = {
				ALWAYS_SEARCH_USER_PATHS = NO;
				CLANG_CXX_LANGUAGE_STANDARD = "gnu++0x";
				CLANG_CXX_LIBRARY = "libc++";
				CLANG_ENABLE_MODULES = YES;
				CLANG_ENABLE_OBJC_ARC = YES;
				CLANG_WARN_BOOL_CONVERSION = YES;
				CLANG_WARN_CONSTANT_CONVERSION = YES;
				CLANG_WARN_DIRECT_OBJC_ISA_USAGE = YES_ERROR;
				CLANG_WARN_EMPTY_BODY = YES;
				CLANG_WARN_ENUM_CONVERSION = YES;
				CLANG_WARN_INT_CONVERSION = YES;
				CLANG_WARN_OBJC_ROOT_CLASS = YES_ERROR;
				CLANG_WARN_UNREACHABLE_CODE = YES;
				CLANG_WARN__DUPLICATE_METHOD_MATCH = YES;
				COPY_PHASE_STRIP = NO;
				ENABLE_STRICT_OBJC_MSGSEND = YES;
				GCC_C_LANGUAGE_STANDARD = gnu99;
				GCC_DYNAMIC_NO_PIC = NO;
				GCC_OPTIMIZATION_LEVEL = 0;
				GCC_PREPROCESSOR_DEFINITIONS = (
					"DEBUG=1",
					"$(inherited)",
				);
				GCC_SYMBOLS_PRIVATE_EXTERN = NO;
				GCC_WARN_64_TO_32_BIT_CONVERSION = YES;
				GCC_WARN_ABOUT_RETURN_TYPE = YES_ERROR;
				GCC_WARN_UNDECLARED_SELECTOR = YES;
				GCC_WARN_UNINITIALIZED_AUTOS = YES_AGGRESSIVE;
				GCC_WARN_UNUSED_FUNCTION = YES;
				GCC_WARN_UNUSED_VARIABLE = YES;
				MACOSX_DEPLOYMENT_TARGET = 10.10;
				MTL_ENABLE_DEBUG_INFO = YES;
				ONLY_ACTIVE_ARCH = YES;
				SDKROOT = macosx;
			};
			name = Debug;
		};
		67D889211AFEBFC800656A2B /* Release */ = {
			isa = XCBuildConfiguration;
			buildSettings = {
				ALWAYS_SEARCH_USER_PATHS = NO;
				CLANG_CXX_LANGUAGE_STANDARD = "gnu++0x";
				CLANG_CXX_LIBRARY = "libc++";
				CLANG_ENABLE_MODULES = YES;
				CLANG_ENABLE_OBJC_ARC = YES;
				CLANG_WARN_BOOL_CONVERSION = YES;
				CLANG_WARN_CONSTANT_CONVERSION = YES;
				CLANG_WARN_DIRECT_OBJC_ISA_USAGE = YES_ERROR;
				CLANG_WARN_EMPTY_BODY = YES;
				CLANG_WARN_ENUM_CONVERSION = YES;
				CLANG_WARN_INT_CONVERSION = YES;
				CLANG_WARN_OBJC_ROOT_CLASS = YES_ERROR;
				CLANG_WARN_UNREACHABLE_CODE = YES;
				CLANG_WARN__DUPLICATE_METHOD_MATCH = YES;
				COPY_PHASE_STRIP = YES;
				DEBUG_INFORMATION_FORMAT = "dwarf-with-dsym";
				ENABLE_NS_ASSERTIONS = NO;
				ENABLE_STRICT_OBJC_MSGSEND = YES;
				GCC_C_LANGUAGE_STANDARD = gnu99;
				GCC_WARN_64_TO_32_BIT_CONVERSION = YES;
				GCC_WARN_ABOUT_RETURN_TYPE = YES_ERROR;
				GCC_WARN_UNDECLARED_SELECTOR = YES;
				GCC_WARN_UNINITIALIZED_AUTOS = YES_AGGRESSIVE;
				GCC_WARN_UNUSED_FUNCTION = YES;
				GCC_WARN_UNUSED_VARIABLE = YES;
				MACOSX_DEPLOYMENT_TARGET = 10.10;
				MTL_ENABLE_DEBUG_INFO = NO;
				SDKROOT = macosx;
			};
			name = Release;
		};
		67D889231AFEBFC800656A2B /* Debug */ = {
			isa = XCBuildConfiguration;
			buildSettings = {
				MACOSX_DEPLOYMENT_TARGET = 10.8;
				PRODUCT_NAME = "$(TARGET_NAME)";
			};
			name = Debug;
		};
		67D889241AFEBFC800656A2B /* Release */ = {
			isa = XCBuildConfiguration;
			buildSettings = {
				MACOSX_DEPLOYMENT_TARGET = 10.8;
				PRODUCT_NAME = "$(TARGET_NAME)";
			};
			name = Release;
		};
/* End XCBuildConfiguration section */

/* Begin XCConfigurationList section */
		67D889161AFEBFC700656A2B /* Build configuration list for PBXProject "JumpyRoad" */ = {
			isa = XCConfigurationList;
			buildConfigurations = (
				67D889201AFEBFC800656A2B /* Debug */,
				67D889211AFEBFC800656A2B /* Release */,
			);
			defaultConfigurationIsVisible = 0;
			defaultConfigurationName = Release;
		};
		67D889221AFEBFC800656A2B /* Build configuration list for PBXNativeTarget "JumpyRoad" */ = {
			isa = XCConfigurationList;
			buildConfigurations = (
				67D889231AFEBFC800656A2B /* Debug */,
				67D889241AFEBFC800656A2B /* Release */,
			);
			defaultConfigurationIsVisible = 0;
			defaultConfigurationName = Release;
		};
/* End XCConfigurationList section */
	};
	rootObject = 67D889131AFEBFC700656A2B /* Project object */;
}
